{
  "name": "sentc_own_file_storage_frontend",
  "version": "1.0.0",
  "lockfileVersion": 1,
  "requires": true,
  "dependencies": {
    "@sentclose/sentc": {
      "version": "0.4.4",
      "resolved": "https://registry.npmjs.org/@sentclose/sentc/-/sentc-0.4.4.tgz",
      "integrity": "sha512-5HTCSA+OgOvlQ/iEs/Qja8OB9/pwxSWyYrzjaJ/wVjykS368s4Vrmz4jLK9F+obMoJa4t0oWu50A+M6GGBLdYg==",
      "dev": true,
      "requires": {
        "idb": "^6.1.4",
        "sentc_wasm": "^0.4.3"
      }
    },
    "idb": {
      "version": "6.1.5",
      "resolved": "https://registry.npmjs.org/idb/-/idb-6.1.5.tgz",
      "integrity": "sha512-IJtugpKkiVXQn5Y+LteyBCNk1N8xpGV3wWZk9EVtZWH8DYkjBn0bX1XnGP9RkyZF0sAcywa6unHqSWKe7q4LGw==",
      "dev": true
    },
    "sentc_wasm": {
      "version": "0.4.3",
      "resolved": "https://registry.npmjs.org/sentc_wasm/-/sentc_wasm-0.4.3.tgz",
      "integrity": "sha512-HM5kEDeoY54iQFUhPKl84RMDd4qobYITY5XdDf0ly6wSfRiLkBemsp1im1pc/GLjENb+XtWViO69f7PmLMTx+Q==",
      "dev": true
    }
  }
}
